{
  "name": "designWithSaim",
  "lockfileVersion": 3,
  "requires": true,
  "packages": {
    "": {
      "dependencies": {
        "@emailjs/browser": "^3.11.0",
        "emailjs": "^4.0.1",
        "framer-motion": "^9.1.7",
        "next": "latest",
        "react": "18.2.0",
        "react-dom": "18.2.0",
        "react-icons": "^4.8.0",
        "react-scroll": "^1.8.9",
        "react-slick": "^0.29.0",
        "react-tsparticles": "^2.8.0",
        "slick-carousel": "^1.8.1",
        "tailwind-scrollbar": "^3.0.0",
        "tsparticles": "^2.8.0"
      },
      "devDependencies": {
        "@types/node": "18.11.3",
        "@types/react": "18.0.21",
        "@types/react-dom": "18.0.6",
        "@types/react-scroll": "^1.8.6",
        "@types/react-slick": "^0.23.10",
        "autoprefixer": "^10.4.14",
        "postcss": "^8.4.21",
        "tailwindcss": "^3.3.1",
        "typescript": "4.9.4"
      }
    },
    "node_modules/@emailjs/browser": {
      "version": "3.11.0",
      "resolved": "https://registry.npmjs.org/@emailjs/browser/-/browser-3.11.0.tgz",
      "integrity": "sha512-RkY3FKZ3fPdK++OeF46mRTFpmmQWCHUVHZH209P3NE4D5sg2Atg7S2wa3gw5062Gl4clt4Wn5SyC4WhlVZC5pA==",
      "engines": {
        "node": ">=14.0.0"
      }
    },
    "node_modules/@emotion/is-prop-valid": {
      "version": "0.8.8",
      "license": "MIT",
      "optional": true,
      "dependencies": {
        "@emotion/memoize": "0.7.4"
      }
    },
    "node_modules/@emotion/memoize": {
      "version": "0.7.4",
      "license": "MIT",
      "optional": true
    },
    "node_modules/@next/env": {
      "version": "13.2.4",
      "resolved": "https://registry.npmjs.org/@next/env/-/env-13.2.4.tgz",
      "integrity": "sha512-+Mq3TtpkeeKFZanPturjcXt+KHfKYnLlX6jMLyCrmpq6OOs4i1GqBOAauSkii9QeKCMTYzGppar21JU57b/GEA=="
    },
    "node_modules/@next/swc-android-arm-eabi": {
      "version": "13.2.4",
      "resolved": "https://registry.npmjs.org/@next/swc-android-arm-eabi/-/swc-android-arm-eabi-13.2.4.tgz",
      "integrity": "sha512-DWlalTSkLjDU11MY11jg17O1gGQzpRccM9Oes2yTqj2DpHndajrXHGxj9HGtJ+idq2k7ImUdJVWS2h2l/EDJOw==",
      "cpu": [
        "arm"
      ],
      "optional": true,
      "os": [
        "android"
      ],
      "engines": {
        "node": ">= 10"
      }
    },
    "node_modules/@next/swc-android-arm64": {
      "version": "13.2.4",
      "resolved": "https://registry.npmjs.org/@next/swc-android-arm64/-/swc-android-arm64-13.2.4.tgz",
      "integrity": "sha512-sRavmUImUCf332Gy+PjIfLkMhiRX1Ez4SI+3vFDRs1N5eXp+uNzjFUK/oLMMOzk6KFSkbiK/3Wt8+dHQR/flNg==",
      "cpu": [
        "arm64"
      ],
      "optional": true,
      "os": [
        "android"
      ],
      "engines": {
        "node": ">= 10"
      }
    },
    "node_modules/@next/swc-darwin-arm64": {
      "version": "13.2.4",
      "resolved": "https://registry.npmjs.org/@next/swc-darwin-arm64/-/swc-darwin-arm64-13.2.4.tgz",
      "integrity": "sha512-S6vBl+OrInP47TM3LlYx65betocKUUlTZDDKzTiRDbsRESeyIkBtZ6Qi5uT2zQs4imqllJznVjFd1bXLx3Aa6A==",
      "cpu": [
        "arm64"
      ],
      "optional": true,
      "os": [
        "darwin"
      ],
      "engines": {
        "node": ">= 10"
      }
    },
    "node_modules/@next/swc-darwin-x64": {
      "version": "13.2.4",
      "resolved": "https://registry.npmjs.org/@next/swc-darwin-x64/-/swc-darwin-x64-13.2.4.tgz",
      "integrity": "sha512-a6LBuoYGcFOPGd4o8TPo7wmv5FnMr+Prz+vYHopEDuhDoMSHOnC+v+Ab4D7F0NMZkvQjEJQdJS3rqgFhlZmKlw==",
      "cpu": [
        "x64"
      ],
      "optional": true,
      "os": [
        "darwin"
      ],
      "engines": {
        "node": ">= 10"
      }
    },
    "node_modules/@next/swc-freebsd-x64": {
      "version": "13.2.4",
      "resolved": "https://registry.npmjs.org/@next/swc-freebsd-x64/-/swc-freebsd-x64-13.2.4.tgz",
      "integrity": "sha512-kkbzKVZGPaXRBPisoAQkh3xh22r+TD+5HwoC5bOkALraJ0dsOQgSMAvzMXKsN3tMzJUPS0tjtRf1cTzrQ0I5vQ==",
      "cpu": [
        "x64"
      ],
      "optional": true,
      "os": [
        "freebsd"
      ],
      "engines": {
        "node": ">= 10"
      }
    },
    "node_modules/@next/swc-linux-arm-gnueabihf": {
      "version": "13.2.4",
      "resolved": "https://registry.npmjs.org/@next/swc-linux-arm-gnueabihf/-/swc-linux-arm-gnueabihf-13.2.4.tgz",
      "integrity": "sha512-7qA1++UY0fjprqtjBZaOA6cas/7GekpjVsZn/0uHvquuITFCdKGFCsKNBx3S0Rpxmx6WYo0GcmhNRM9ru08BGg==",
      "cpu": [
        "arm"
      ],
      "optional": true,
      "os": [
        "linux"
      ],
      "engines": {
        "node": ">= 10"
      }
    },
    "node_modules/@next/swc-linux-arm64-gnu": {
      "version": "13.2.4",
      "resolved": "https://registry.npmjs.org/@next/swc-linux-arm64-gnu/-/swc-linux-arm64-gnu-13.2.4.tgz",
      "integrity": "sha512-xzYZdAeq883MwXgcwc72hqo/F/dwUxCukpDOkx/j1HTq/J0wJthMGjinN9wH5bPR98Mfeh1MZJ91WWPnZOedOg==",
      "cpu": [
        "arm64"
      ],
      "optional": true,
      "os": [
        "linux"
      ],
      "engines": {
        "node": ">= 10"
      }
    },
    "node_modules/@next/swc-linux-arm64-musl": {
      "version": "13.2.4",
      "resolved": "https://registry.npmjs.org/@next/swc-linux-arm64-musl/-/swc-linux-arm64-musl-13.2.4.tgz",
      "integrity": "sha512-8rXr3WfmqSiYkb71qzuDP6I6R2T2tpkmf83elDN8z783N9nvTJf2E7eLx86wu2OJCi4T05nuxCsh4IOU3LQ5xw==",
      "cpu": [
        "arm64"
      ],
      "optional": true,
      "os": [
        "linux"
      ],
      "engines": {
        "node": ">= 10"
      }
    },
    "node_modules/@next/swc-linux-x64-gnu": {
      "version": "13.2.4",
      "resolved": "https://registry.npmjs.org/@next/swc-linux-x64-gnu/-/swc-linux-x64-gnu-13.2.4.tgz",
      "integrity": "sha512-Ngxh51zGSlYJ4EfpKG4LI6WfquulNdtmHg1yuOYlaAr33KyPJp4HeN/tivBnAHcZkoNy0hh/SbwDyCnz5PFJQQ==",
      "cpu": [
        "x64"
      ],
      "optional": true,
      "os": [
        "linux"
      ],
      "engines": {
        "node": ">= 10"
      }
    },
    "node_modules/@next/swc-linux-x64-musl": {
      "version": "13.2.4",
      "resolved": "https://registry.npmjs.org/@next/swc-linux-x64-musl/-/swc-linux-x64-musl-13.2.4.tgz",
      "integrity": "sha512-gOvwIYoSxd+j14LOcvJr+ekd9fwYT1RyMAHOp7znA10+l40wkFiMONPLWiZuHxfRk+Dy7YdNdDh3ImumvL6VwA==",
      "cpu": [
        "x64"
      ],
      "optional": true,
      "os": [
        "linux"
      ],
      "engines": {
        "node": ">= 10"
      }
    },
    "node_modules/@next/swc-win32-arm64-msvc": {
      "version": "13.2.4",
      "resolved": "https://registry.npmjs.org/@next/swc-win32-arm64-msvc/-/swc-win32-arm64-msvc-13.2.4.tgz",
      "integrity": "sha512-q3NJzcfClgBm4HvdcnoEncmztxrA5GXqKeiZ/hADvC56pwNALt3ngDC6t6qr1YW9V/EPDxCYeaX4zYxHciW4Dw==",
      "cpu": [
        "arm64"
      ],
      "optional": true,
      "os": [
        "win32"
      ],
      "engines": {
        "node": ">= 10"
      }
    },
    "node_modules/@next/swc-win32-ia32-msvc": {
      "version": "13.2.4",
      "resolved": "https://registry.npmjs.org/@next/swc-win32-ia32-msvc/-/swc-win32-ia32-msvc-13.2.4.tgz",
      "integrity": "sha512-/eZ5ncmHUYtD2fc6EUmAIZlAJnVT2YmxDsKs1Ourx0ttTtvtma/WKlMV5NoUsyOez0f9ExLyOpeCoz5aj+MPXw==",
      "cpu": [
        "ia32"
      ],
      "optional": true,
      "os": [
        "win32"
      ],
      "engines": {
        "node": ">= 10"
      }
    },
    "node_modules/@next/swc-win32-x64-msvc": {
      "version": "13.2.4",
      "resolved": "https://registry.npmjs.org/@next/swc-win32-x64-msvc/-/swc-win32-x64-msvc-13.2.4.tgz",
      "integrity": "sha512-0MffFmyv7tBLlji01qc0IaPP/LVExzvj7/R5x1Jph1bTAIj4Vu81yFQWHHQAP6r4ff9Ukj1mBK6MDNVXm7Tcvw==",
      "cpu": [
        "x64"
      ],
      "optional": true,
      "os": [
        "win32"
      ],
      "engines": {
        "node": ">= 10"
      }
    },
    "node_modules/@nodelib/fs.scandir": {
      "version": "2.1.5",
      "license": "MIT",
      "dependencies": {
        "@nodelib/fs.stat": "2.0.5",
        "run-parallel": "^1.1.9"
      },
      "engines": {
        "node": ">= 8"
      }
    },
    "node_modules/@nodelib/fs.stat": {
      "version": "2.0.5",
      "license": "MIT",
      "engines": {
        "node": ">= 8"
      }
    },
    "node_modules/@nodelib/fs.walk": {
      "version": "1.2.8",
      "license": "MIT",
      "dependencies": {
        "@nodelib/fs.scandir": "2.1.5",
        "fastq": "^1.6.0"
      },
      "engines": {
        "node": ">= 8"
      }
    },
    "node_modules/@swc/helpers": {
      "version": "0.4.14",
      "license": "MIT",
      "dependencies": {
        "tslib": "^2.4.0"
      }
    },
    "node_modules/@types/node": {
      "version": "18.11.3",
      "dev": true,
      "license": "MIT"
    },
    "node_modules/@types/prop-types": {
      "version": "15.7.5",
      "dev": true,
      "license": "MIT"
    },
    "node_modules/@types/react": {
      "version": "18.0.21",
      "dev": true,
      "license": "MIT",
      "dependencies": {
        "@types/prop-types": "*",
        "@types/scheduler": "*",
        "csstype": "^3.0.2"
      }
    },
    "node_modules/@types/react-dom": {
      "version": "18.0.6",
      "dev": true,
      "license": "MIT",
      "dependencies": {
        "@types/react": "*"
      }
    },
    "node_modules/@types/react-scroll": {
      "version": "1.8.6",
      "dev": true,
      "license": "MIT",
      "dependencies": {
        "@types/react": "*"
      }
    },
    "node_modules/@types/react-slick": {
      "version": "0.23.10",
      "dev": true,
      "license": "MIT",
      "dependencies": {
        "@types/react": "*"
      }
    },
    "node_modules/@types/scheduler": {
      "version": "0.16.2",
      "dev": true,
      "license": "MIT"
    },
    "node_modules/any-promise": {
      "version": "1.3.0",
      "license": "MIT"
    },
    "node_modules/anymatch": {
      "version": "3.1.3",
      "license": "ISC",
      "dependencies": {
        "normalize-path": "^3.0.0",
        "picomatch": "^2.0.4"
      },
      "engines": {
        "node": ">= 8"
      }
    },
    "node_modules/arg": {
      "version": "5.0.2",
      "license": "MIT"
    },
    "node_modules/autoprefixer": {
      "version": "10.4.14",
      "dev": true,
      "funding": [
        {
          "type": "opencollective",
          "url": "https://opencollective.com/postcss/"
        },
        {
          "type": "tidelift",
          "url": "https://tidelift.com/funding/github/npm/autoprefixer"
        }
      ],
      "license": "MIT",
      "dependencies": {
        "browserslist": "^4.21.5",
        "caniuse-lite": "^1.0.30001464",
        "fraction.js": "^4.2.0",
        "normalize-range": "^0.1.2",
        "picocolors": "^1.0.0",
        "postcss-value-parser": "^4.2.0"
      },
      "bin": {
        "autoprefixer": "bin/autoprefixer"
      },
      "engines": {
        "node": "^10 || ^12 || >=14"
      },
      "peerDependencies": {
        "postcss": "^8.1.0"
      }
    },
    "node_modules/balanced-match": {
      "version": "1.0.2",
      "license": "MIT"
    },
    "node_modules/binary-extensions": {
      "version": "2.2.0",
      "license": "MIT",
      "engines": {
        "node": ">=8"
      }
    },
    "node_modules/brace-expansion": {
      "version": "1.1.11",
      "license": "MIT",
      "dependencies": {
        "balanced-match": "^1.0.0",
        "concat-map": "0.0.1"
      }
    },
    "node_modules/braces": {
      "version": "3.0.2",
      "license": "MIT",
      "dependencies": {
        "fill-range": "^7.0.1"
      },
      "engines": {
        "node": ">=8"
      }
    },
    "node_modules/browserslist": {
      "version": "4.21.5",
      "dev": true,
      "funding": [
        {
          "type": "opencollective",
          "url": "https://opencollective.com/browserslist"
        },
        {
          "type": "tidelift",
          "url": "https://tidelift.com/funding/github/npm/browserslist"
        }
      ],
      "license": "MIT",
      "dependencies": {
        "caniuse-lite": "^1.0.30001449",
        "electron-to-chromium": "^1.4.284",
        "node-releases": "^2.0.8",
        "update-browserslist-db": "^1.0.10"
      },
      "bin": {
        "browserslist": "cli.js"
      },
      "engines": {
        "node": "^6 || ^7 || ^8 || ^9 || ^10 || ^11 || ^12 || >=13.7"
      }
    },
    "node_modules/camelcase-css": {
      "version": "2.0.1",
      "license": "MIT",
      "engines": {
        "node": ">= 6"
      }
    },
    "node_modules/caniuse-lite": {
      "version": "1.0.30001473",
      "funding": [
        {
          "type": "opencollective",
          "url": "https://opencollective.com/browserslist"
        },
        {
          "type": "tidelift",
          "url": "https://tidelift.com/funding/github/npm/caniuse-lite"
        },
        {
          "type": "github",
          "url": "https://github.com/sponsors/ai"
        }
      ],
      "license": "CC-BY-4.0"
    },
    "node_modules/chokidar": {
      "version": "3.5.3",
      "funding": [
        {
          "type": "individual",
          "url": "https://paulmillr.com/funding/"
        }
      ],
      "license": "MIT",
      "dependencies": {
        "anymatch": "~3.1.2",
        "braces": "~3.0.2",
        "glob-parent": "~5.1.2",
        "is-binary-path": "~2.1.0",
        "is-glob": "~4.0.1",
        "normalize-path": "~3.0.0",
        "readdirp": "~3.6.0"
      },
      "engines": {
        "node": ">= 8.10.0"
      },
      "optionalDependencies": {
        "fsevents": "~2.3.2"
      }
    },
    "node_modules/chokidar/node_modules/glob-parent": {
      "version": "5.1.2",
      "license": "ISC",
      "dependencies": {
        "is-glob": "^4.0.1"
      },
      "engines": {
        "node": ">= 6"
      }
    },
    "node_modules/classnames": {
      "version": "2.3.2",
      "license": "MIT"
    },
    "node_modules/client-only": {
      "version": "0.0.1",
      "license": "MIT"
    },
    "node_modules/color-name": {
      "version": "1.1.4",
      "license": "MIT"
    },
    "node_modules/commander": {
      "version": "4.1.1",
      "license": "MIT",
      "engines": {
        "node": ">= 6"
      }
    },
    "node_modules/concat-map": {
      "version": "0.0.1",
      "license": "MIT"
    },
    "node_modules/cssesc": {
      "version": "3.0.0",
      "license": "MIT",
      "bin": {
        "cssesc": "bin/cssesc"
      },
      "engines": {
        "node": ">=4"
      }
    },
    "node_modules/csstype": {
      "version": "3.1.1",
      "dev": true,
      "license": "MIT"
    },
    "node_modules/didyoumean": {
      "version": "1.2.2",
      "license": "Apache-2.0"
    },
    "node_modules/dlv": {
      "version": "1.1.3",
      "license": "MIT"
    },
    "node_modules/electron-to-chromium": {
      "version": "1.4.294",
      "dev": true,
      "license": "ISC"
    },
    "node_modules/emailjs": {
      "version": "4.0.1",
      "resolved": "https://registry.npmjs.org/emailjs/-/emailjs-4.0.1.tgz",
      "integrity": "sha512-rTN/LDvlqwU79E367ovB7FIziImzimhQcZiGmC20VcDPbf0mv3l9c3aavtMcEFaFBsycjGB5aMIhz4ZbKNeLWw==",
      "engines": {
        "node": ">=12"
      },
      "peerDependencies": {
        "typescript": ">=4.3.5"
      },
      "peerDependenciesMeta": {
        "typescript": {
          "optional": true
        }
      }
    },
    "node_modules/enquire.js": {
      "version": "2.1.6",
      "license": "MIT"
    },
    "node_modules/escalade": {
      "version": "3.1.1",
      "dev": true,
      "license": "MIT",
      "engines": {
        "node": ">=6"
      }
    },
    "node_modules/fast-deep-equal": {
      "version": "3.1.3",
      "license": "MIT"
    },
    "node_modules/fast-glob": {
      "version": "3.2.12",
      "license": "MIT",
      "dependencies": {
        "@nodelib/fs.stat": "^2.0.2",
        "@nodelib/fs.walk": "^1.2.3",
        "glob-parent": "^5.1.2",
        "merge2": "^1.3.0",
        "micromatch": "^4.0.4"
      },
      "engines": {
        "node": ">=8.6.0"
      }
    },
    "node_modules/fast-glob/node_modules/glob-parent": {
      "version": "5.1.2",
      "license": "ISC",
      "dependencies": {
        "is-glob": "^4.0.1"
      },
      "engines": {
        "node": ">= 6"
      }
    },
    "node_modules/fastq": {
      "version": "1.15.0",
      "license": "ISC",
      "dependencies": {
        "reusify": "^1.0.4"
      }
    },
    "node_modules/fill-range": {
      "version": "7.0.1",
      "license": "MIT",
      "dependencies": {
        "to-regex-range": "^5.0.1"
      },
      "engines": {
        "node": ">=8"
      }
    },
    "node_modules/fraction.js": {
      "version": "4.2.0",
      "dev": true,
      "license": "MIT",
      "engines": {
        "node": "*"
      },
      "funding": {
        "type": "patreon",
        "url": "https://www.patreon.com/infusion"
      }
    },
    "node_modules/framer-motion": {
      "version": "9.1.7",
      "resolved": "https://registry.npmjs.org/framer-motion/-/framer-motion-9.1.7.tgz",
      "integrity": "sha512-nKxBkIO4IPkMEqcBbbATxsVjwPYShKl051yhBv9628iAH6JLeHD0siBHxkL62oQzMC1+GNX73XtPjgP753ufuw==",
      "dependencies": {
        "tslib": "^2.4.0"
      },
      "optionalDependencies": {
        "@emotion/is-prop-valid": "^0.8.2"
      },
      "peerDependencies": {
        "react": "^18.0.0",
        "react-dom": "^18.0.0"
      }
    },
    "node_modules/fs.realpath": {
      "version": "1.0.0",
      "license": "ISC"
    },
    "node_modules/function-bind": {
      "version": "1.1.1",
      "license": "MIT"
    },
    "node_modules/glob": {
      "version": "7.1.6",
      "license": "ISC",
      "dependencies": {
        "fs.realpath": "^1.0.0",
        "inflight": "^1.0.4",
        "inherits": "2",
        "minimatch": "^3.0.4",
        "once": "^1.3.0",
        "path-is-absolute": "^1.0.0"
      },
      "engines": {
        "node": "*"
      },
      "funding": {
        "url": "https://github.com/sponsors/isaacs"
      }
    },
    "node_modules/glob-parent": {
      "version": "6.0.2",
      "license": "ISC",
      "dependencies": {
        "is-glob": "^4.0.3"
      },
      "engines": {
        "node": ">=10.13.0"
      }
    },
    "node_modules/has": {
      "version": "1.0.3",
      "license": "MIT",
      "dependencies": {
        "function-bind": "^1.1.1"
      },
      "engines": {
        "node": ">= 0.4.0"
      }
    },
    "node_modules/inflight": {
      "version": "1.0.6",
      "license": "ISC",
      "dependencies": {
        "once": "^1.3.0",
        "wrappy": "1"
      }
    },
    "node_modules/inherits": {
      "version": "2.0.4",
      "license": "ISC"
    },
    "node_modules/is-binary-path": {
      "version": "2.1.0",
      "license": "MIT",
      "dependencies": {
        "binary-extensions": "^2.0.0"
      },
      "engines": {
        "node": ">=8"
      }
    },
    "node_modules/is-core-module": {
      "version": "2.11.0",
      "license": "MIT",
      "dependencies": {
        "has": "^1.0.3"
      },
      "funding": {
        "url": "https://github.com/sponsors/ljharb"
      }
    },
    "node_modules/is-extglob": {
      "version": "2.1.1",
      "license": "MIT",
      "engines": {
        "node": ">=0.10.0"
      }
    },
    "node_modules/is-glob": {
      "version": "4.0.3",
      "license": "MIT",
      "dependencies": {
        "is-extglob": "^2.1.1"
      },
      "engines": {
        "node": ">=0.10.0"
      }
    },
    "node_modules/is-number": {
      "version": "7.0.0",
      "license": "MIT",
      "engines": {
        "node": ">=0.12.0"
      }
    },
    "node_modules/jiti": {
      "version": "1.18.2",
      "license": "MIT",
      "bin": {
        "jiti": "bin/jiti.js"
      }
    },
    "node_modules/jquery": {
      "version": "3.6.3",
      "license": "MIT",
      "peer": true
    },
    "node_modules/js-tokens": {
      "version": "4.0.0",
      "license": "MIT"
    },
    "node_modules/json2mq": {
      "version": "0.2.0",
      "license": "MIT",
      "dependencies": {
        "string-convert": "^0.2.0"
      }
    },
    "node_modules/lilconfig": {
      "version": "2.0.6",
      "license": "MIT",
      "engines": {
        "node": ">=10"
      }
    },
    "node_modules/lines-and-columns": {
      "version": "1.2.4",
      "license": "MIT"
    },
    "node_modules/lodash.debounce": {
      "version": "4.0.8",
      "license": "MIT"
    },
    "node_modules/lodash.throttle": {
      "version": "4.1.1",
      "license": "MIT"
    },
    "node_modules/loose-envify": {
      "version": "1.4.0",
      "license": "MIT",
      "dependencies": {
        "js-tokens": "^3.0.0 || ^4.0.0"
      },
      "bin": {
        "loose-envify": "cli.js"
      }
    },
    "node_modules/merge2": {
      "version": "1.4.1",
      "license": "MIT",
      "engines": {
        "node": ">= 8"
      }
    },
    "node_modules/micromatch": {
      "version": "4.0.5",
      "license": "MIT",
      "dependencies": {
        "braces": "^3.0.2",
        "picomatch": "^2.3.1"
      },
      "engines": {
        "node": ">=8.6"
      }
    },
    "node_modules/minimatch": {
      "version": "3.1.2",
      "license": "ISC",
      "dependencies": {
        "brace-expansion": "^1.1.7"
      },
      "engines": {
        "node": "*"
      }
    },
    "node_modules/mz": {
      "version": "2.7.0",
      "license": "MIT",
      "dependencies": {
        "any-promise": "^1.0.0",
        "object-assign": "^4.0.1",
        "thenify-all": "^1.0.0"
      }
    },
    "node_modules/nanoid": {
      "version": "3.3.4",
      "license": "MIT",
      "bin": {
        "nanoid": "bin/nanoid.cjs"
      },
      "engines": {
        "node": "^10 || ^12 || ^13.7 || ^14 || >=15.0.1"
      }
    },
    "node_modules/next": {
      "version": "13.2.4",
      "resolved": "https://registry.npmjs.org/next/-/next-13.2.4.tgz",
      "integrity": "sha512-g1I30317cThkEpvzfXujf0O4wtaQHtDCLhlivwlTJ885Ld+eOgcz7r3TGQzeU+cSRoNHtD8tsJgzxVdYojFssw==",
      "dependencies": {
        "@next/env": "13.2.4",
        "@swc/helpers": "0.4.14",
        "caniuse-lite": "^1.0.30001406",
        "postcss": "8.4.14",
        "styled-jsx": "5.1.1"
      },
      "bin": {
        "next": "dist/bin/next"
      },
      "engines": {
        "node": ">=14.6.0"
      },
      "optionalDependencies": {
        "@next/swc-android-arm-eabi": "13.2.4",
        "@next/swc-android-arm64": "13.2.4",
        "@next/swc-darwin-arm64": "13.2.4",
        "@next/swc-darwin-x64": "13.2.4",
        "@next/swc-freebsd-x64": "13.2.4",
        "@next/swc-linux-arm-gnueabihf": "13.2.4",
        "@next/swc-linux-arm64-gnu": "13.2.4",
        "@next/swc-linux-arm64-musl": "13.2.4",
        "@next/swc-linux-x64-gnu": "13.2.4",
        "@next/swc-linux-x64-musl": "13.2.4",
        "@next/swc-win32-arm64-msvc": "13.2.4",
        "@next/swc-win32-ia32-msvc": "13.2.4",
        "@next/swc-win32-x64-msvc": "13.2.4"
      },
      "peerDependencies": {
        "@opentelemetry/api": "^1.4.0",
        "fibers": ">= 3.1.0",
        "node-sass": "^6.0.0 || ^7.0.0",
        "react": "^18.2.0",
        "react-dom": "^18.2.0",
        "sass": "^1.3.0"
      },
      "peerDependenciesMeta": {
        "@opentelemetry/api": {
          "optional": true
        },
        "fibers": {
          "optional": true
        },
        "node-sass": {
          "optional": true
        },
        "sass": {
          "optional": true
        }
      }
    },
    "node_modules/next/node_modules/postcss": {
      "version": "8.4.14",
      "funding": [
        {
          "type": "opencollective",
          "url": "https://opencollective.com/postcss/"
        },
        {
          "type": "tidelift",
          "url": "https://tidelift.com/funding/github/npm/postcss"
        }
      ],
      "license": "MIT",
      "dependencies": {
        "nanoid": "^3.3.4",
        "picocolors": "^1.0.0",
        "source-map-js": "^1.0.2"
      },
      "engines": {
        "node": "^10 || ^12 || >=14"
      }
    },
    "node_modules/node-releases": {
      "version": "2.0.10",
      "dev": true,
      "license": "MIT"
    },
    "node_modules/normalize-path": {
      "version": "3.0.0",
      "license": "MIT",
      "engines": {
        "node": ">=0.10.0"
      }
    },
    "node_modules/normalize-range": {
      "version": "0.1.2",
      "dev": true,
      "license": "MIT",
      "engines": {
        "node": ">=0.10.0"
      }
    },
    "node_modules/object-assign": {
      "version": "4.1.1",
      "license": "MIT",
      "engines": {
        "node": ">=0.10.0"
      }
    },
    "node_modules/object-hash": {
      "version": "3.0.0",
      "license": "MIT",
      "engines": {
        "node": ">= 6"
      }
    },
    "node_modules/once": {
      "version": "1.4.0",
      "license": "ISC",
      "dependencies": {
        "wrappy": "1"
      }
    },
    "node_modules/path-is-absolute": {
      "version": "1.0.1",
      "license": "MIT",
      "engines": {
        "node": ">=0.10.0"
      }
    },
    "node_modules/path-parse": {
      "version": "1.0.7",
      "license": "MIT"
    },
    "node_modules/picocolors": {
      "version": "1.0.0",
      "license": "ISC"
    },
    "node_modules/picomatch": {
      "version": "2.3.1",
      "license": "MIT",
      "engines": {
        "node": ">=8.6"
      },
      "funding": {
        "url": "https://github.com/sponsors/jonschlinkert"
      }
    },
    "node_modules/pify": {
      "version": "2.3.0",
      "license": "MIT",
      "engines": {
        "node": ">=0.10.0"
      }
    },
    "node_modules/pirates": {
      "version": "4.0.5",
      "license": "MIT",
      "engines": {
        "node": ">= 6"
      }
    },
    "node_modules/postcss": {
      "version": "8.4.21",
      "funding": [
        {
          "type": "opencollective",
          "url": "https://opencollective.com/postcss/"
        },
        {
          "type": "tidelift",
          "url": "https://tidelift.com/funding/github/npm/postcss"
        }
      ],
      "license": "MIT",
      "dependencies": {
        "nanoid": "^3.3.4",
        "picocolors": "^1.0.0",
        "source-map-js": "^1.0.2"
      },
      "engines": {
        "node": "^10 || ^12 || >=14"
      }
    },
    "node_modules/postcss-import": {
      "version": "14.1.0",
      "license": "MIT",
      "dependencies": {
        "postcss-value-parser": "^4.0.0",
        "read-cache": "^1.0.0",
        "resolve": "^1.1.7"
      },
      "engines": {
        "node": ">=10.0.0"
      },
      "peerDependencies": {
        "postcss": "^8.0.0"
      }
    },
    "node_modules/postcss-js": {
      "version": "4.0.1",
      "license": "MIT",
      "dependencies": {
        "camelcase-css": "^2.0.1"
      },
      "engines": {
        "node": "^12 || ^14 || >= 16"
      },
      "funding": {
        "type": "opencollective",
        "url": "https://opencollective.com/postcss/"
      },
      "peerDependencies": {
        "postcss": "^8.4.21"
      }
    },
    "node_modules/postcss-load-config": {
      "version": "3.1.4",
      "license": "MIT",
      "dependencies": {
        "lilconfig": "^2.0.5",
        "yaml": "^1.10.2"
      },
      "engines": {
        "node": ">= 10"
      },
      "funding": {
        "type": "opencollective",
        "url": "https://opencollective.com/postcss/"
      },
      "peerDependencies": {
        "postcss": ">=8.0.9",
        "ts-node": ">=9.0.0"
      },
      "peerDependenciesMeta": {
        "postcss": {
          "optional": true
        },
        "ts-node": {
          "optional": true
        }
      }
    },
    "node_modules/postcss-nested": {
      "version": "6.0.0",
      "license": "MIT",
      "dependencies": {
        "postcss-selector-parser": "^6.0.10"
      },
      "engines": {
        "node": ">=12.0"
      },
      "funding": {
        "type": "opencollective",
        "url": "https://opencollective.com/postcss/"
      },
      "peerDependencies": {
        "postcss": "^8.2.14"
      }
    },
    "node_modules/postcss-selector-parser": {
      "version": "6.0.11",
      "license": "MIT",
      "dependencies": {
        "cssesc": "^3.0.0",
        "util-deprecate": "^1.0.2"
      },
      "engines": {
        "node": ">=4"
      }
    },
    "node_modules/postcss-value-parser": {
      "version": "4.2.0",
      "license": "MIT"
    },
    "node_modules/prop-types": {
      "version": "15.8.1",
      "license": "MIT",
      "dependencies": {
        "loose-envify": "^1.4.0",
        "object-assign": "^4.1.1",
        "react-is": "^16.13.1"
      }
    },
    "node_modules/queue-microtask": {
      "version": "1.2.3",
      "funding": [
        {
          "type": "github",
          "url": "https://github.com/sponsors/feross"
        },
        {
          "type": "patreon",
          "url": "https://www.patreon.com/feross"
        },
        {
          "type": "consulting",
          "url": "https://feross.org/support"
        }
      ],
      "license": "MIT"
    },
    "node_modules/quick-lru": {
      "version": "5.1.1",
      "license": "MIT",
      "engines": {
        "node": ">=10"
      },
      "funding": {
        "url": "https://github.com/sponsors/sindresorhus"
      }
    },
    "node_modules/react": {
      "version": "18.2.0",
      "license": "MIT",
      "dependencies": {
        "loose-envify": "^1.1.0"
      },
      "engines": {
        "node": ">=0.10.0"
      }
    },
    "node_modules/react-dom": {
      "version": "18.2.0",
      "license": "MIT",
      "dependencies": {
        "loose-envify": "^1.1.0",
        "scheduler": "^0.23.0"
      },
      "peerDependencies": {
        "react": "^18.2.0"
      }
    },
    "node_modules/react-icons": {
      "version": "4.8.0",
      "resolved": "https://registry.npmjs.org/react-icons/-/react-icons-4.8.0.tgz",
      "integrity": "sha512-N6+kOLcihDiAnj5Czu637waJqSnwlMNROzVZMhfX68V/9bu9qHaMIJC4UdozWoOk57gahFCNHwVvWzm0MTzRjg==",
      "peerDependencies": {
        "react": "*"
      }
    },
    "node_modules/react-is": {
      "version": "16.13.1",
      "license": "MIT"
    },
    "node_modules/react-scroll": {
      "version": "1.8.9",
      "license": "MIT",
      "dependencies": {
        "lodash.throttle": "^4.1.1",
        "prop-types": "^15.7.2"
      },
      "peerDependencies": {
        "react": "^15.5.4 || ^16.0.0 || ^17.0.0 || ^18.0.0",
        "react-dom": "^15.5.4 || ^16.0.0 || ^17.0.0 || ^18.0.0"
      }
    },
    "node_modules/react-slick": {
      "version": "0.29.0",
      "license": "MIT",
      "dependencies": {
        "classnames": "^2.2.5",
        "enquire.js": "^2.1.6",
        "json2mq": "^0.2.0",
        "lodash.debounce": "^4.0.8",
        "resize-observer-polyfill": "^1.5.0"
      },
      "peerDependencies": {
        "react": "^0.14.0 || ^15.0.1 || ^16.0.0 || ^17.0.0 || ^18.0.0",
        "react-dom": "^0.14.0 || ^15.0.1 || ^16.0.0 || ^17.0.0 || ^18.0.0"
      }
    },
    "node_modules/react-tsparticles": {
      "version": "2.8.0",
      "funding": [
        {
          "type": "github",
          "url": "https://github.com/sponsors/matteobruni"
        },
        {
          "type": "buymeacoffee",
          "url": "https://www.buymeacoffee.com/matteobruni"
        }
      ],
      "hasInstallScript": true,
      "license": "MIT",
      "dependencies": {
        "fast-deep-equal": "^3.1.3",
        "tsparticles-engine": "^2.8.0"
      },
      "peerDependencies": {
        "react": ">=16"
      }
    },
    "node_modules/read-cache": {
      "version": "1.0.0",
      "license": "MIT",
      "dependencies": {
        "pify": "^2.3.0"
      }
    },
    "node_modules/readdirp": {
      "version": "3.6.0",
      "license": "MIT",
      "dependencies": {
        "picomatch": "^2.2.1"
      },
      "engines": {
        "node": ">=8.10.0"
      }
    },
    "node_modules/resize-observer-polyfill": {
      "version": "1.5.1",
      "license": "MIT"
    },
    "node_modules/resolve": {
      "version": "1.22.1",
      "license": "MIT",
      "dependencies": {
        "is-core-module": "^2.9.0",
        "path-parse": "^1.0.7",
        "supports-preserve-symlinks-flag": "^1.0.0"
      },
      "bin": {
        "resolve": "bin/resolve"
      },
      "funding": {
        "url": "https://github.com/sponsors/ljharb"
      }
    },
    "node_modules/reusify": {
      "version": "1.0.4",
      "license": "MIT",
      "engines": {
        "iojs": ">=1.0.0",
        "node": ">=0.10.0"
      }
    },
    "node_modules/run-parallel": {
      "version": "1.2.0",
      "funding": [
        {
          "type": "github",
          "url": "https://github.com/sponsors/feross"
        },
        {
          "type": "patreon",
          "url": "https://www.patreon.com/feross"
        },
        {
          "type": "consulting",
          "url": "https://feross.org/support"
        }
      ],
      "license": "MIT",
      "dependencies": {
        "queue-microtask": "^1.2.2"
      }
    },
    "node_modules/scheduler": {
      "version": "0.23.0",
      "license": "MIT",
      "dependencies": {
        "loose-envify": "^1.1.0"
      }
    },
    "node_modules/slick-carousel": {
      "version": "1.8.1",
      "license": "MIT",
      "peerDependencies": {
        "jquery": ">=1.8.0"
      }
    },
    "node_modules/source-map-js": {
      "version": "1.0.2",
      "license": "BSD-3-Clause",
      "engines": {
        "node": ">=0.10.0"
      }
    },
    "node_modules/string-convert": {
      "version": "0.2.1",
      "license": "MIT"
    },
    "node_modules/styled-jsx": {
      "version": "5.1.1",
      "license": "MIT",
      "dependencies": {
        "client-only": "0.0.1"
      },
      "engines": {
        "node": ">= 12.0.0"
      },
      "peerDependencies": {
        "react": ">= 16.8.0 || 17.x.x || ^18.0.0-0"
      },
      "peerDependenciesMeta": {
        "@babel/core": {
          "optional": true
        },
        "babel-plugin-macros": {
          "optional": true
        }
      }
    },
    "node_modules/sucrase": {
      "version": "3.31.0",
      "license": "MIT",
      "dependencies": {
        "commander": "^4.0.0",
        "glob": "7.1.6",
        "lines-and-columns": "^1.1.6",
        "mz": "^2.7.0",
        "pirates": "^4.0.1",
        "ts-interface-checker": "^0.1.9"
      },
      "bin": {
        "sucrase": "bin/sucrase",
        "sucrase-node": "bin/sucrase-node"
      },
      "engines": {
        "node": ">=8"
      }
    },
    "node_modules/supports-preserve-symlinks-flag": {
      "version": "1.0.0",
      "license": "MIT",
      "engines": {
        "node": ">= 0.4"
      },
      "funding": {
        "url": "https://github.com/sponsors/ljharb"
      }
    },
    "node_modules/tailwind-scrollbar": {
      "version": "3.0.0",
      "resolved": "https://registry.npmjs.org/tailwind-scrollbar/-/tailwind-scrollbar-3.0.0.tgz",
      "integrity": "sha512-OkVRX9Q1T769vk979UZ519jhj/j/zNBHql7zPLI+tlhX+ahksYO4ZryWD29lOETDx9Wj1sw+K1OeW7W3+ECQOA==",
      "engines": {
        "node": ">=12.13.0"
      },
      "peerDependencies": {
        "tailwindcss": "3.x"
      }
    },
    "node_modules/tailwindcss": {
      "version": "3.3.1",
      "license": "MIT",
      "dependencies": {
        "arg": "^5.0.2",
        "chokidar": "^3.5.3",
        "color-name": "^1.1.4",
        "didyoumean": "^1.2.2",
        "dlv": "^1.1.3",
        "fast-glob": "^3.2.12",
        "glob-parent": "^6.0.2",
        "is-glob": "^4.0.3",
        "jiti": "^1.17.2",
        "lilconfig": "^2.0.6",
        "micromatch": "^4.0.5",
        "normalize-path": "^3.0.0",
        "object-hash": "^3.0.0",
        "picocolors": "^1.0.0",
        "postcss": "^8.0.9",
        "postcss-import": "^14.1.0",
        "postcss-js": "^4.0.0",
        "postcss-load-config": "^3.1.4",
        "postcss-nested": "6.0.0",
        "postcss-selector-parser": "^6.0.11",
        "postcss-value-parser": "^4.2.0",
        "quick-lru": "^5.1.1",
        "resolve": "^1.22.1",
        "sucrase": "^3.29.0"
      },
      "bin": {
        "tailwind": "lib/cli.js",
        "tailwindcss": "lib/cli.js"
      },
      "engines": {
        "node": ">=12.13.0"
      },
      "peerDependencies": {
        "postcss": "^8.0.9"
      }
    },
    "node_modules/thenify": {
      "version": "3.3.1",
      "license": "MIT",
      "dependencies": {
        "any-promise": "^1.0.0"
      }
    },
    "node_modules/thenify-all": {
      "version": "1.6.0",
      "license": "MIT",
      "dependencies": {
        "thenify": ">= 3.1.0 < 4"
      },
      "engines": {
        "node": ">=0.8"
      }
    },
    "node_modules/to-regex-range": {
      "version": "5.0.1",
      "license": "MIT",
      "dependencies": {
        "is-number": "^7.0.0"
      },
      "engines": {
        "node": ">=8.0"
      }
    },
    "node_modules/ts-interface-checker": {
      "version": "0.1.13",
      "license": "Apache-2.0"
    },
    "node_modules/tslib": {
      "version": "2.5.0",
      "license": "0BSD"
    },
    "node_modules/tsparticles": {
      "version": "2.8.0",
      "license": "MIT",
      "dependencies": {
        "tsparticles-engine": "^2.8.0",
        "tsparticles-interaction-external-trail": "^2.8.0",
        "tsparticles-plugin-absorbers": "^2.8.0",
        "tsparticles-plugin-emitters": "^2.8.0",
        "tsparticles-slim": "^2.8.0",
        "tsparticles-updater-destroy": "^2.8.0",
        "tsparticles-updater-roll": "^2.8.0",
        "tsparticles-updater-tilt": "^2.8.0",
        "tsparticles-updater-twinkle": "^2.8.0",
        "tsparticles-updater-wobble": "^2.8.0"
      },
      "funding": {
        "type": "github",
        "url": "https://github.com/sponsors/matteobruni"
      }
    },
    "node_modules/tsparticles-engine": {
      "version": "2.8.0",
      "funding": [
        {
          "type": "github",
          "url": "https://github.com/sponsors/matteobruni"
        },
        {
          "type": "buymeacoffee",
          "url": "https://www.buymeacoffee.com/matteobruni"
        }
      ],
      "hasInstallScript": true,
      "license": "MIT"
    },
    "node_modules/tsparticles-interaction-external-attract": {
      "version": "2.8.0",
      "license": "MIT",
      "dependencies": {
        "tsparticles-engine": "^2.8.0"
      }
    },
    "node_modules/tsparticles-interaction-external-bounce": {
      "version": "2.8.0",
      "license": "MIT",
      "dependencies": {
        "tsparticles-engine": "^2.8.0"
      }
    },
    "node_modules/tsparticles-interaction-external-bubble": {
      "version": "2.8.0",
      "license": "MIT",
      "dependencies": {
        "tsparticles-engine": "^2.8.0"
      }
    },
    "node_modules/tsparticles-interaction-external-connect": {
      "version": "2.8.0",
      "license": "MIT",
      "dependencies": {
        "tsparticles-engine": "^2.8.0"
      }
    },
    "node_modules/tsparticles-interaction-external-grab": {
      "version": "2.8.0",
      "license": "MIT",
      "dependencies": {
        "tsparticles-engine": "^2.8.0"
      }
    },
    "node_modules/tsparticles-interaction-external-pause": {
      "version": "2.8.0",
      "license": "MIT",
      "dependencies": {
        "tsparticles-engine": "^2.8.0"
      }
    },
    "node_modules/tsparticles-interaction-external-push": {
      "version": "2.8.0",
      "license": "MIT",
      "dependencies": {
        "tsparticles-engine": "^2.8.0"
      }
    },
    "node_modules/tsparticles-interaction-external-remove": {
      "version": "2.8.0",
      "license": "MIT",
      "dependencies": {
        "tsparticles-engine": "^2.8.0"
      }
    },
    "node_modules/tsparticles-interaction-external-repulse": {
      "version": "2.8.0",
      "license": "MIT",
      "dependencies": {
        "tsparticles-engine": "^2.8.0"
      }
    },
    "node_modules/tsparticles-interaction-external-slow": {
      "version": "2.8.0",
      "license": "MIT",
      "dependencies": {
        "tsparticles-engine": "^2.8.0"
      }
    },
    "node_modules/tsparticles-interaction-external-trail": {
      "version": "2.8.0",
      "license": "MIT",
      "dependencies": {
        "tsparticles-engine": "^2.8.0"
      }
    },
    "node_modules/tsparticles-interaction-particles-attract": {
      "version": "2.8.0",
      "license": "MIT",
      "dependencies": {
        "tsparticles-engine": "^2.8.0"
      }
    },
    "node_modules/tsparticles-interaction-particles-collisions": {
      "version": "2.8.0",
      "license": "MIT",
      "dependencies": {
        "tsparticles-engine": "^2.8.0"
      }
    },
    "node_modules/tsparticles-interaction-particles-links": {
      "version": "2.8.0",
      "license": "MIT",
      "dependencies": {
        "tsparticles-engine": "^2.8.0"
      }
    },
    "node_modules/tsparticles-move-base": {
      "version": "2.8.0",
      "license": "MIT",
      "dependencies": {
        "tsparticles-engine": "^2.8.0"
      }
    },
    "node_modules/tsparticles-move-parallax": {
      "version": "2.8.0",
      "license": "MIT",
      "dependencies": {
        "tsparticles-engine": "^2.8.0"
      }
    },
    "node_modules/tsparticles-particles.js": {
      "version": "2.8.0",
      "license": "MIT",
      "dependencies": {
        "tsparticles-engine": "^2.8.0"
      },
      "funding": {
        "type": "github",
        "url": "https://github.com/sponsors/matteobruni"
      }
    },
    "node_modules/tsparticles-plugin-absorbers": {
      "version": "2.8.0",
      "license": "MIT",
      "dependencies": {
        "tsparticles-engine": "^2.8.0"
      }
    },
    "node_modules/tsparticles-plugin-easing-quad": {
      "version": "2.8.0",
      "funding": [
        {
          "type": "github",
          "url": "https://github.com/sponsors/matteobruni"
        },
        {
          "type": "buymeacoffee",
          "url": "https://www.buymeacoffee.com/matteobruni"
        }
      ],
      "license": "MIT",
      "dependencies": {
        "tsparticles-engine": "^2.8.0"
      }
    },
    "node_modules/tsparticles-plugin-emitters": {
      "version": "2.8.0",
      "license": "MIT",
      "dependencies": {
        "tsparticles-engine": "^2.8.0"
      }
    },
    "node_modules/tsparticles-shape-circle": {
      "version": "2.8.0",
      "license": "MIT",
      "dependencies": {
        "tsparticles-engine": "^2.8.0"
      }
    },
    "node_modules/tsparticles-shape-image": {
      "version": "2.8.0",
      "license": "MIT",
      "dependencies": {
        "tsparticles-engine": "^2.8.0"
      }
    },
    "node_modules/tsparticles-shape-line": {
      "version": "2.8.0",
      "license": "MIT",
      "dependencies": {
        "tsparticles-engine": "^2.8.0"
      }
    },
    "node_modules/tsparticles-shape-polygon": {
      "version": "2.8.0",
      "license": "MIT",
      "dependencies": {
        "tsparticles-engine": "^2.8.0"
      }
    },
    "node_modules/tsparticles-shape-square": {
      "version": "2.8.0",
      "license": "MIT",
      "dependencies": {
        "tsparticles-engine": "^2.8.0"
      }
    },
    "node_modules/tsparticles-shape-star": {
      "version": "2.8.0",
      "license": "MIT",
      "dependencies": {
        "tsparticles-engine": "^2.8.0"
      }
    },
    "node_modules/tsparticles-shape-text": {
      "version": "2.8.0",
      "license": "MIT",
      "dependencies": {
        "tsparticles-engine": "^2.8.0"
      }
    },
    "node_modules/tsparticles-slim": {
      "version": "2.8.0",
      "license": "MIT",
      "dependencies": {
        "tsparticles-engine": "^2.8.0",
        "tsparticles-interaction-external-attract": "^2.8.0",
        "tsparticles-interaction-external-bounce": "^2.8.0",
        "tsparticles-interaction-external-bubble": "^2.8.0",
        "tsparticles-interaction-external-connect": "^2.8.0",
        "tsparticles-interaction-external-grab": "^2.8.0",
        "tsparticles-interaction-external-pause": "^2.8.0",
        "tsparticles-interaction-external-push": "^2.8.0",
        "tsparticles-interaction-external-remove": "^2.8.0",
        "tsparticles-interaction-external-repulse": "^2.8.0",
        "tsparticles-interaction-external-slow": "^2.8.0",
        "tsparticles-interaction-particles-attract": "^2.8.0",
        "tsparticles-interaction-particles-collisions": "^2.8.0",
        "tsparticles-interaction-particles-links": "^2.8.0",
        "tsparticles-move-base": "^2.8.0",
        "tsparticles-move-parallax": "^2.8.0",
        "tsparticles-particles.js": "^2.8.0",
        "tsparticles-plugin-easing-quad": "^2.8.0",
        "tsparticles-shape-circle": "^2.8.0",
        "tsparticles-shape-image": "^2.8.0",
        "tsparticles-shape-line": "^2.8.0",
        "tsparticles-shape-polygon": "^2.8.0",
        "tsparticles-shape-square": "^2.8.0",
        "tsparticles-shape-star": "^2.8.0",
        "tsparticles-shape-text": "^2.8.0",
        "tsparticles-updater-angle": "^2.8.0",
        "tsparticles-updater-color": "^2.8.0",
        "tsparticles-updater-life": "^2.8.0",
        "tsparticles-updater-opacity": "^2.8.0",
        "tsparticles-updater-out-modes": "^2.8.0",
        "tsparticles-updater-size": "^2.8.0",
        "tsparticles-updater-stroke-color": "^2.8.0"
      },
      "funding": {
        "type": "github",
        "url": "https://github.com/sponsors/matteobruni"
      }
    },
    "node_modules/tsparticles-updater-angle": {
      "version": "2.8.0",
      "license": "MIT",
      "dependencies": {
        "tsparticles-engine": "^2.8.0"
      }
    },
    "node_modules/tsparticles-updater-color": {
      "version": "2.8.0",
      "license": "MIT",
      "dependencies": {
        "tsparticles-engine": "^2.8.0"
      }
    },
    "node_modules/tsparticles-updater-destroy": {
      "version": "2.8.0",
      "license": "MIT",
      "dependencies": {
        "tsparticles-engine": "^2.8.0"
      }
    },
    "node_modules/tsparticles-updater-life": {
      "version": "2.8.0",
      "license": "MIT",
      "dependencies": {
        "tsparticles-engine": "^2.8.0"
      }
    },
    "node_modules/tsparticles-updater-opacity": {
      "version": "2.8.0",
      "license": "MIT",
      "dependencies": {
        "tsparticles-engine": "^2.8.0"
      }
    },
    "node_modules/tsparticles-updater-out-modes": {
      "version": "2.8.0",
      "license": "MIT",
      "dependencies": {
        "tsparticles-engine": "^2.8.0"
      }
    },
    "node_modules/tsparticles-updater-roll": {
      "version": "2.8.0",
      "license": "MIT",
      "dependencies": {
        "tsparticles-engine": "^2.8.0"
      }
    },
    "node_modules/tsparticles-updater-size": {
      "version": "2.8.0",
      "license": "MIT",
      "dependencies": {
        "tsparticles-engine": "^2.8.0"
      }
    },
    "node_modules/tsparticles-updater-stroke-color": {
      "version": "2.8.0",
      "license": "MIT",
      "dependencies": {
        "tsparticles-engine": "^2.8.0"
      }
    },
    "node_modules/tsparticles-updater-tilt": {
      "version": "2.8.0",
      "license": "MIT",
      "dependencies": {
        "tsparticles-engine": "^2.8.0"
      }
    },
    "node_modules/tsparticles-updater-twinkle": {
      "version": "2.8.0",
      "license": "MIT",
      "dependencies": {
        "tsparticles-engine": "^2.8.0"
      }
    },
    "node_modules/tsparticles-updater-wobble": {
      "version": "2.8.0",
      "license": "MIT",
      "dependencies": {
        "tsparticles-engine": "^2.8.0"
      }
    },
    "node_modules/typescript": {
      "version": "4.9.4",
      "devOptional": true,
      "license": "Apache-2.0",
      "bin": {
        "tsc": "bin/tsc",
        "tsserver": "bin/tsserver"
      },
      "engines": {
        "node": ">=4.2.0"
      }
    },
    "node_modules/update-browserslist-db": {
      "version": "1.0.10",
      "dev": true,
      "funding": [
        {
          "type": "opencollective",
          "url": "https://opencollective.com/browserslist"
        },
        {
          "type": "tidelift",
          "url": "https://tidelift.com/funding/github/npm/browserslist"
        }
      ],
      "license": "MIT",
      "dependencies": {
        "escalade": "^3.1.1",
        "picocolors": "^1.0.0"
      },
      "bin": {
        "browserslist-lint": "cli.js"
      },
      "peerDependencies": {
        "browserslist": ">= 4.21.0"
      }
    },
    "node_modules/util-deprecate": {
      "version": "1.0.2",
      "license": "MIT"
    },
    "node_modules/wrappy": {
      "version": "1.0.2",
      "license": "ISC"
    },
    "node_modules/yaml": {
      "version": "1.10.2",
      "license": "ISC",
      "engines": {
        "node": ">= 6"
      }
    }
  }
}
